
Microsoft Visual Studio Solution File, Format Version 12.00
# Visual Studio 14
VisualStudioVersion = 14.0.23107.0
MinimumVisualStudioVersion = 10.0.40219.1
Project("{FAE04EC0-301F-11D3-BF4B-00C04F79EFBC}") = "TheSlum", "TheSlum.csproj", "{7C6F7F25-2FDB-401F-B1A9-D8CE3BB7308D}"
EndProject
Project("{FAE04EC0-301F-11D3-BF4B-00C04F79EFBC}") = "Shapes", "..\Shapes\Shapes.csproj", "{85C5B165-8B4C-4620-802F-0A5E9FA4794F}"
EndProject
Project("{FAE04EC0-301F-11D3-BF4B-00C04F79EFBC}") = "BankOfKurtovoKonare", "BankOfKurtovoKonare\BankOfKurtovoKonare.csproj", "{96B5CA82-86A9-4769-A470-7D6103BBE28E}"
EndProject
Global
	GlobalSection(SolutionConfigurationPlatforms) = preSolution
		Debug|Any CPU = Debug|Any CPU
		Release|Any CPU = Release|Any CPU
	EndGlobalSection
	GlobalSection(ProjectConfigurationPlatforms) = postSolution
		{7C6F7F25-2FDB-401F-B1A9-D8CE3BB7308D}.Debug|Any CPU.ActiveCfg = Debug|Any CPU
		{7C6F7F25-2FDB-401F-B1A9-D8CE3BB7308D}.Debug|Any CPU.Build.0 = Debug|Any CPU
		{7C6F7F25-2FDB-401F-B1A9-D8CE3BB7308D}.Release|Any CPU.ActiveCfg = Release|Any CPU
		{7C6F7F25-2FDB-401F-B1A9-D8CE3BB7308D}.Release|Any CPU.Build.0 = Release|Any CPU
		{85C5B165-8B4C-4620-802F-0A5E9FA4794F}.Debug|Any CPU.ActiveCfg = Debug|Any CPU
		{85C5B165-8B4C-4620-802F-0A5E9FA4794F}.Debug|Any CPU.Build.0 = Debug|Any CPU
		{85C5B165-8B4C-4620-802F-0A5E9FA4794F}.Release|Any CPU.ActiveCfg = Release|Any CPU
		{85C5B165-8B4C-4620-802F-0A5E9FA4794F}.Release|Any CPU.Build.0 = Release|Any CPU
		{96B5CA82-86A9-4769-A470-7D6103BBE28E}.Debug|Any CPU.ActiveCfg = Debug|Any CPU
		{96B5CA82-86A9-4769-A470-7D6103BBE28E}.Debug|Any CPU.Build.0 = Debug|Any CPU
		{96B5CA82-86A9-4769-A470-7D6103BBE28E}.Release|Any CPU.ActiveCfg = Release|Any CPU
		{96B5CA82-86A9-4769-A470-7D6103BBE28E}.Release|Any CPU.Build.0 = Release|Any CPU
	EndGlobalSection
	GlobalSection(SolutionProperties) = preSolution
		HideSolutionNode = FALSE
	EndGlobalSection
EndGlobal
